
Microsoft Visual Studio Solution File, Format Version 12.00
# Visual Studio Version 17
VisualStudioVersion = 17.13.35931.197 d17.13
MinimumVisualStudioVersion = 10.0.40219.1
Project("{FAE04EC0-301F-11D3-BF4B-00C04F79EFBC}") = "KeeperPRO", "KeeperPRO\KeeperPRO.csproj", "{6B6E6E35-3CC1-4365-9BA3-D60A5D7AF02F}"
EndProject
Global
	GlobalSection(SolutionConfigurationPlatforms) = preSolution
		Debug|Any CPU = Debug|Any CPU
		Release|Any CPU = Release|Any CPU
	EndGlobalSection
	GlobalSection(ProjectConfigurationPlatforms) = postSolution
		{6B6E6E35-3CC1-4365-9BA3-D60A5D7AF02F}.Debug|Any CPU.ActiveCfg = Debug|Any CPU
		{6B6E6E35-3CC1-4365-9BA3-D60A5D7AF02F}.Debug|Any CPU.Build.0 = Debug|Any CPU
		{6B6E6E35-3CC1-4365-9BA3-D60A5D7AF02F}.Release|Any CPU.ActiveCfg = Release|Any CPU
		{6B6E6E35-3CC1-4365-9BA3-D60A5D7AF02F}.Release|Any CPU.Build.0 = Release|Any CPU
	EndGlobalSection
	GlobalSection(SolutionProperties) = preSolution
		HideSolutionNode = FALSE
	EndGlobalSection
	GlobalSection(ExtensibilityGlobals) = postSolution
		SolutionGuid = {96C2A483-73BA-466D-9EE3-92745F5ED2A4}
	EndGlobalSection
EndGlobal
